
Microsoft Visual Studio Solution File, Format Version 12.00
# Visual Studio Version 16
VisualStudioVersion = 16.0.30104.148
MinimumVisualStudioVersion = 10.0.40219.1
Project("{8BC9CEB8-8B4A-11D0-8D11-00A0C91BC942}") = "assignment", "assignment\assignment.vcxproj", "{0F7A7B31-B99E-478B-8EF3-5EF821F665CD}"
EndProject
Global
	GlobalSection(SolutionConfigurationPlatforms) = preSolution
		Debug|x64 = Debug|x64
		Debug|x86 = Debug|x86
		Release|x64 = Release|x64
		Release|x86 = Release|x86
	EndGlobalSection
	GlobalSection(ProjectConfigurationPlatforms) = postSolution
		{0F7A7B31-B99E-478B-8EF3-5EF821F665CD}.Debug|x64.ActiveCfg = Debug|x64
		{0F7A7B31-B99E-478B-8EF3-5EF821F665CD}.Debug|x64.Build.0 = Debug|x64
		{0F7A7B31-B99E-478B-8EF3-5EF821F665CD}.Debug|x86.ActiveCfg = Debug|Win32
		{0F7A7B31-B99E-478B-8EF3-5EF821F665CD}.Debug|x86.Build.0 = Debug|Win32
		{0F7A7B31-B99E-478B-8EF3-5EF821F665CD}.Release|x64.ActiveCfg = Release|x64
		{0F7A7B31-B99E-478B-8EF3-5EF821F665CD}.Release|x64.Build.0 = Release|x64
		{0F7A7B31-B99E-478B-8EF3-5EF821F665CD}.Release|x86.ActiveCfg = Release|Win32
		{0F7A7B31-B99E-478B-8EF3-5EF821F665CD}.Release|x86.Build.0 = Release|Win32
	EndGlobalSection
	GlobalSection(SolutionProperties) = preSolution
		HideSolutionNode = FALSE
	EndGlobalSection
	GlobalSection(ExtensibilityGlobals) = postSolution
		SolutionGuid = {C401375D-246D-4014-9224-D13A70ABBCBF}
	EndGlobalSection
EndGlobal
